// !$*UTF8*$!
{
	archiveVersion = 1;
	classes = {
	};
	objectVersion = 46;
	objects = {

/* Begin PBXBuildFile section */
		04B131931D27AA10009C1685 /* main.m in Sources */ = {isa = PBXBuildFile; fileRef = 04B131921D27AA10009C1685 /* main.m */; };
		04B131961D27AA10009C1685 /* AppDelegate.m in Sources */ = {isa = PBXBuildFile; fileRef = 04B131951D27AA10009C1685 /* AppDelegate.m */; };
		04B131991D27AA10009C1685 /* ViewController.m in Sources */ = {isa = PBXBuildFile; fileRef = 04B131981D27AA10009C1685 /* ViewController.m */; };
		04B1319C1D27AA10009C1685 /* Main.storyboard in Resources */ = {isa = PBXBuildFile; fileRef = 04B1319A1D27AA10009C1685 /* Main.storyboard */; };
		04B1319E1D27AA10009C1685 /* Assets.xcassets in Resources */ = {isa = PBXBuildFile; fileRef = 04B1319D1D27AA10009C1685 /* Assets.xcassets */; };
		04B131A11D27AA10009C1685 /* LaunchScreen.storyboard in Resources */ = {isa = PBXBuildFile; fileRef = 04B1319F1D27AA10009C1685 /* LaunchScreen.storyboard */; };
		04B131AC1D27AA10009C1685 /* WTShareTests.m in Sources */ = {isa = PBXBuildFile; fileRef = 04B131AB1D27AA10009C1685 /* WTShareTests.m */; };
		04B131B71D27AA10009C1685 /* WTShareUITests.m in Sources */ = {isa = PBXBuildFile; fileRef = 04B131B61D27AA10009C1685 /* WTShareUITests.m */; };
		04B131E01D27AAB4009C1685 /* libWeiboSDK.a in Frameworks */ = {isa = PBXBuildFile; fileRef = 04B131C61D27AAB3009C1685 /* libWeiboSDK.a */; };
		04B131E11D27AAB4009C1685 /* WeiboSDK.bundle in Resources */ = {isa = PBXBuildFile; fileRef = 04B131D01D27AAB3009C1685 /* WeiboSDK.bundle */; };
		04B131E21D27AAB4009C1685 /* TencentOpenAPI.framework in Frameworks */ = {isa = PBXBuildFile; fileRef = 04B131D41D27AAB3009C1685 /* TencentOpenAPI.framework */; };
		04B131E31D27AAB4009C1685 /* TencentOpenApi_IOS_Bundle.bundle in Resources */ = {isa = PBXBuildFile; fileRef = 04B131D51D27AAB4009C1685 /* TencentOpenApi_IOS_Bundle.bundle */; };
		04B131E41D27AAB4009C1685 /* libWeChatSDK.a in Frameworks */ = {isa = PBXBuildFile; fileRef = 04B131D71D27AAB4009C1685 /* libWeChatSDK.a */; };
		04B131E51D27AAB4009C1685 /* README.txt in Resources */ = {isa = PBXBuildFile; fileRef = 04B131D81D27AAB4009C1685 /* README.txt */; };
		04B131E61D27AAB4009C1685 /* WTShareContentItem.m in Sources */ = {isa = PBXBuildFile; fileRef = 04B131DD1D27AAB4009C1685 /* WTShareContentItem.m */; };
		04B131E71D27AAB4009C1685 /* WTShareManager.m in Sources */ = {isa = PBXBuildFile; fileRef = 04B131DF1D27AAB4009C1685 /* WTShareManager.m */; };
		04B131EA1D27ABC4009C1685 /* Security.framework in Frameworks */ = {isa = PBXBuildFile; fileRef = 04B131E91D27ABC4009C1685 /* Security.framework */; };
		04B131EC1D27ABEA009C1685 /* libiconv.tbd in Frameworks */ = {isa = PBXBuildFile; fileRef = 04B131EB1D27ABEA009C1685 /* libiconv.tbd */; };
		04B131EE1D27ABF9009C1685 /* SystemConfiguration.framework in Frameworks */ = {isa = PBXBuildFile; fileRef = 04B131ED1D27ABF9009C1685 /* SystemConfiguration.framework */; };
		04B131F01D27AC06009C1685 /* CoreGraphics.framework in Frameworks */ = {isa = PBXBuildFile; fileRef = 04B131EF1D27AC06009C1685 /* CoreGraphics.framework */; };
		04B131F21D27AC13009C1685 /* libsqlite3.tbd in Frameworks */ = {isa = PBXBuildFile; fileRef = 04B131F11D27AC13009C1685 /* libsqlite3.tbd */; };
		04B131F41D27AC20009C1685 /* CoreTelephony.framework in Frameworks */ = {isa = PBXBuildFile; fileRef = 04B131F31D27AC20009C1685 /* CoreTelephony.framework */; };
		04B131F61D27AC31009C1685 /* libstdc++.tbd in Frameworks */ = {isa = PBXBuildFile; fileRef = 04B131F51D27AC31009C1685 /* libstdc++.tbd */; };
		04B131F81D27AC3F009C1685 /* libz.tbd in Frameworks */ = {isa = PBXBuildFile; fileRef = 04B131F71D27AC3F009C1685 /* libz.tbd */; };
		04B131FA1D27AC50009C1685 /* libc++.tbd in Frameworks */ = {isa = PBXBuildFile; fileRef = 04B131F91D27AC50009C1685 /* libc++.tbd */; };
		04B131FC1D27AC5B009C1685 /* QuartzCore.framework in Frameworks */ = {isa = PBXBuildFile; fileRef = 04B131FB1D27AC5B009C1685 /* QuartzCore.framework */; };
		04B131FE1D27AC68009C1685 /* ImageIO.framework in Frameworks */ = {isa = PBXBuildFile; fileRef = 04B131FD1D27AC68009C1685 /* ImageIO.framework */; };
		04B132001D27AC76009C1685 /* CoreText.framework in Frameworks */ = {isa = PBXBuildFile; fileRef = 04B131FF1D27AC76009C1685 /* CoreText.framework */; };
/* End PBXBuildFile section */

/* Begin PBXContainerItemProxy section */
		04B131A81D27AA10009C1685 /* PBXContainerItemProxy */ = {
			isa = PBXContainerItemProxy;
			containerPortal = 04B131861D27AA10009C1685 /* Project object */;
			proxyType = 1;
			remoteGlobalIDString = 04B1318D1D27AA10009C1685;
			remoteInfo = WTShare;
		};
		04B131B31D27AA10009C1685 /* PBXContainerItemProxy */ = {
			isa = PBXContainerItemProxy;
			containerPortal = 04B131861D27AA10009C1685 /* Project object */;
			proxyType = 1;
			remoteGlobalIDString = 04B1318D1D27AA10009C1685;
			remoteInfo = WTShare;
		};
/* End PBXContainerItemProxy section */

/* Begin PBXFileReference section */
		04B1318E1D27AA10009C1685 /* WTShare.app */ = {isa = PBXFileReference; explicitFileType = wrapper.application; includeInIndex = 0; path = WTShare.app; sourceTree = BUILT_PRODUCTS_DIR; };
		04B131921D27AA10009C1685 /* main.m */ = {isa = PBXFileReference; lastKnownFileType = sourcecode.c.objc; path = main.m; sourceTree = "<group>"; };
		04B131941D27AA10009C1685 /* AppDelegate.h */ = {isa = PBXFileReference; lastKnownFileType = sourcecode.c.h; path = AppDelegate.h; sourceTree = "<group>"; };
		04B131951D27AA10009C1685 /* AppDelegate.m */ = {isa = PBXFileReference; lastKnownFileType = sourcecode.c.objc; path = AppDelegate.m; sourceTree = "<group>"; };
		04B131971D27AA10009C1685 /* ViewController.h */ = {isa = PBXFileReference; lastKnownFileType = sourcecode.c.h; path = ViewController.h; sourceTree = "<group>"; };
		04B131981D27AA10009C1685 /* ViewController.m */ = {isa = PBXFileReference; lastKnownFileType = sourcecode.c.objc; path = ViewController.m; sourceTree = "<group>"; };
		04B1319B1D27AA10009C1685 /* Base */ = {isa = PBXFileReference; lastKnownFileType = file.storyboard; name = Base; path = Base.lproj/Main.storyboard; sourceTree = "<group>"; };
		04B1319D1D27AA10009C1685 /* Assets.xcassets */ = {isa = PBXFileReference; lastKnownFileType = folder.assetcatalog; path = Assets.xcassets; sourceTree = "<group>"; };
		04B131A01D27AA10009C1685 /* Base */ = {isa = PBXFileReference; lastKnownFileType = file.storyboard; name = Base; path = Base.lproj/LaunchScreen.storyboard; sourceTree = "<group>"; };
		04B131A21D27AA10009C1685 /* Info.plist */ = {isa = PBXFileReference; lastKnownFileType = text.plist.xml; path = Info.plist; sourceTree = "<group>"; };
		04B131A71D27AA10009C1685 /* WTShareTests.xctest */ = {isa = PBXFileReference; explicitFileType = wrapper.cfbundle; includeInIndex = 0; path = WTShareTests.xctest; sourceTree = BUILT_PRODUCTS_DIR; };
		04B131AB1D27AA10009C1685 /* WTShareTests.m */ = {isa = PBXFileReference; lastKnownFileType = sourcecode.c.objc; path = WTShareTests.m; sourceTree = "<group>"; };
		04B131AD1D27AA10009C1685 /* Info.plist */ = {isa = PBXFileReference; lastKnownFileType = text.plist.xml; path = Info.plist; sourceTree = "<group>"; };
		04B131B21D27AA10009C1685 /* WTShareUITests.xctest */ = {isa = PBXFileReference; explicitFileType = wrapper.cfbundle; includeInIndex = 0; path = WTShareUITests.xctest; sourceTree = BUILT_PRODUCTS_DIR; };
		04B131B61D27AA10009C1685 /* WTShareUITests.m */ = {isa = PBXFileReference; lastKnownFileType = sourcecode.c.objc; path = WTShareUITests.m; sourceTree = "<group>"; };
		04B131B81D27AA10009C1685 /* Info.plist */ = {isa = PBXFileReference; lastKnownFileType = text.plist.xml; path = Info.plist; sourceTree = "<group>"; };
		04B131C61D27AAB3009C1685 /* libWeiboSDK.a */ = {isa = PBXFileReference; lastKnownFileType = archive.ar; path = libWeiboSDK.a; sourceTree = "<group>"; };
		04B131C71D27AAB3009C1685 /* WBHttpRequest+WeiboGame.h */ = {isa = PBXFileReference; fileEncoding = 4; lastKnownFileType = sourcecode.c.h; path = "WBHttpRequest+WeiboGame.h"; sourceTree = "<group>"; };
		04B131C81D27AAB3009C1685 /* WBHttpRequest+WeiboShare.h */ = {isa = PBXFileReference; fileEncoding = 4; lastKnownFileType = sourcecode.c.h; path = "WBHttpRequest+WeiboShare.h"; sourceTree = "<group>"; };
		04B131C91D27AAB3009C1685 /* WBHttpRequest+WeiboToken.h */ = {isa = PBXFileReference; fileEncoding = 4; lastKnownFileType = sourcecode.c.h; path = "WBHttpRequest+WeiboToken.h"; sourceTree = "<group>"; };
		04B131CA1D27AAB3009C1685 /* WBHttpRequest+WeiboUser.h */ = {isa = PBXFileReference; fileEncoding = 4; lastKnownFileType = sourcecode.c.h; path = "WBHttpRequest+WeiboUser.h"; sourceTree = "<group>"; };
		04B131CB1D27AAB3009C1685 /* WBHttpRequest.h */ = {isa = PBXFileReference; fileEncoding = 4; lastKnownFileType = sourcecode.c.h; path = WBHttpRequest.h; sourceTree = "<group>"; };
		04B131CC1D27AAB3009C1685 /* WBSDKBasicButton.h */ = {isa = PBXFileReference; fileEncoding = 4; lastKnownFileType = sourcecode.c.h; path = WBSDKBasicButton.h; sourceTree = "<group>"; };
		04B131CD1D27AAB3009C1685 /* WBSDKCommentButton.h */ = {isa = PBXFileReference; fileEncoding = 4; lastKnownFileType = sourcecode.c.h; path = WBSDKCommentButton.h; sourceTree = "<group>"; };
		04B131CE1D27AAB3009C1685 /* WBSDKRelationshipButton.h */ = {isa = PBXFileReference; fileEncoding = 4; lastKnownFileType = sourcecode.c.h; path = WBSDKRelationshipButton.h; sourceTree = "<group>"; };
		04B131CF1D27AAB3009C1685 /* WeiboSDK+Statistics.h */ = {isa = PBXFileReference; fileEncoding = 4; lastKnownFileType = sourcecode.c.h; path = "WeiboSDK+Statistics.h"; sourceTree = "<group>"; };
		04B131D01D27AAB3009C1685 /* WeiboSDK.bundle */ = {isa = PBXFileReference; lastKnownFileType = "wrapper.plug-in"; path = WeiboSDK.bundle; sourceTree = "<group>"; };
		04B131D11D27AAB3009C1685 /* WeiboSDK.h */ = {isa = PBXFileReference; fileEncoding = 4; lastKnownFileType = sourcecode.c.h; path = WeiboSDK.h; sourceTree = "<group>"; };
		04B131D21D27AAB3009C1685 /* WeiboUser.h */ = {isa = PBXFileReference; fileEncoding = 4; lastKnownFileType = sourcecode.c.h; path = WeiboUser.h; sourceTree = "<group>"; };
		04B131D41D27AAB3009C1685 /* TencentOpenAPI.framework */ = {isa = PBXFileReference; lastKnownFileType = wrapper.framework; path = TencentOpenAPI.framework; sourceTree = "<group>"; };
		04B131D51D27AAB4009C1685 /* TencentOpenApi_IOS_Bundle.bundle */ = {isa = PBXFileReference; lastKnownFileType = "wrapper.plug-in"; path = TencentOpenApi_IOS_Bundle.bundle; sourceTree = "<group>"; };
		04B131D71D27AAB4009C1685 /* libWeChatSDK.a */ = {isa = PBXFileReference; lastKnownFileType = archive.ar; path = libWeChatSDK.a; sourceTree = "<group>"; };
		04B131D81D27AAB4009C1685 /* README.txt */ = {isa = PBXFileReference; fileEncoding = 4; lastKnownFileType = text; path = README.txt; sourceTree = "<group>"; };
		04B131D91D27AAB4009C1685 /* WechatAuthSDK.h */ = {isa = PBXFileReference; fileEncoding = 4; lastKnownFileType = sourcecode.c.h; path = WechatAuthSDK.h; sourceTree = "<group>"; };
		04B131DA1D27AAB4009C1685 /* WXApi.h */ = {isa = PBXFileReference; fileEncoding = 4; lastKnownFileType = sourcecode.c.h; path = WXApi.h; sourceTree = "<group>"; };
		04B131DB1D27AAB4009C1685 /* WXApiObject.h */ = {isa = PBXFileReference; fileEncoding = 4; lastKnownFileType = sourcecode.c.h; path = WXApiObject.h; sourceTree = "<group>"; };
		04B131DC1D27AAB4009C1685 /* WTShareContentItem.h */ = {isa = PBXFileReference; fileEncoding = 4; lastKnownFileType = sourcecode.c.h; path = WTShareContentItem.h; sourceTree = "<group>"; };
		04B131DD1D27AAB4009C1685 /* WTShareContentItem.m */ = {isa = PBXFileReference; fileEncoding = 4; lastKnownFileType = sourcecode.c.objc; path = WTShareContentItem.m; sourceTree = "<group>"; };
		04B131DE1D27AAB4009C1685 /* WTShareManager.h */ = {isa = PBXFileReference; fileEncoding = 4; lastKnownFileType = sourcecode.c.h; path = WTShareManager.h; sourceTree = "<group>"; };
		04B131DF1D27AAB4009C1685 /* WTShareManager.m */ = {isa = PBXFileReference; fileEncoding = 4; lastKnownFileType = sourcecode.c.objc; path = WTShareManager.m; sourceTree = "<group>"; };
		04B131E91D27ABC4009C1685 /* Security.framework */ = {isa = PBXFileReference; lastKnownFileType = wrapper.framework; name = Security.framework; path = System/Library/Frameworks/Security.framework; sourceTree = SDKROOT; };
		04B131EB1D27ABEA009C1685 /* libiconv.tbd */ = {isa = PBXFileReference; lastKnownFileType = "sourcecode.text-based-dylib-definition"; name = libiconv.tbd; path = usr/lib/libiconv.tbd; sourceTree = SDKROOT; };
		04B131ED1D27ABF9009C1685 /* SystemConfiguration.framework */ = {isa = PBXFileReference; lastKnownFileType = wrapper.framework; name = SystemConfiguration.framework; path = System/Library/Frameworks/SystemConfiguration.framework; sourceTree = SDKROOT; };
		04B131EF1D27AC06009C1685 /* CoreGraphics.framework */ = {isa = PBXFileReference; lastKnownFileType = wrapper.framework; name = CoreGraphics.framework; path = System/Library/Frameworks/CoreGraphics.framework; sourceTree = SDKROOT; };
		04B131F11D27AC13009C1685 /* libsqlite3.tbd */ = {isa = PBXFileReference; lastKnownFileType = "sourcecode.text-based-dylib-definition"; name = libsqlite3.tbd; path = usr/lib/libsqlite3.tbd; sourceTree = SDKROOT; };
		04B131F31D27AC20009C1685 /* CoreTelephony.framework */ = {isa = PBXFileReference; lastKnownFileType = wrapper.framework; name = CoreTelephony.framework; path = System/Library/Frameworks/CoreTelephony.framework; sourceTree = SDKROOT; };
		04B131F51D27AC31009C1685 /* libstdc++.tbd */ = {isa = PBXFileReference; lastKnownFileType = "sourcecode.text-based-dylib-definition"; name = "libstdc++.tbd"; path = "usr/lib/libstdc++.tbd"; sourceTree = SDKROOT; };
		04B131F71D27AC3F009C1685 /* libz.tbd */ = {isa = PBXFileReference; lastKnownFileType = "sourcecode.text-based-dylib-definition"; name = libz.tbd; path = usr/lib/libz.tbd; sourceTree = SDKROOT; };
		04B131F91D27AC50009C1685 /* libc++.tbd */ = {isa = PBXFileReference; lastKnownFileType = "sourcecode.text-based-dylib-definition"; name = "libc++.tbd"; path = "usr/lib/libc++.tbd"; sourceTree = SDKROOT; };
		04B131FB1D27AC5B009C1685 /* QuartzCore.framework */ = {isa = PBXFileReference; lastKnownFileType = wrapper.framework; name = QuartzCore.framework; path = System/Library/Frameworks/QuartzCore.framework; sourceTree = SDKROOT; };
		04B131FD1D27AC68009C1685 /* ImageIO.framework */ = {isa = PBXFileReference; lastKnownFileType = wrapper.framework; name = ImageIO.framework; path = System/Library/Frameworks/ImageIO.framework; sourceTree = SDKROOT; };
		04B131FF1D27AC76009C1685 /* CoreText.framework */ = {isa = PBXFileReference; lastKnownFileType = wrapper.framework; name = CoreText.framework; path = System/Library/Frameworks/CoreText.framework; sourceTree = SDKROOT; };
/* End PBXFileReference section */

/* Begin PBXFrameworksBuildPhase section */
		04B1318B1D27AA10009C1685 /* Frameworks */ = {
			isa = PBXFrameworksBuildPhase;
			buildActionMask = 2147483647;
			files = (
				04B132001D27AC76009C1685 /* CoreText.framework in Frameworks */,
				04B131FE1D27AC68009C1685 /* ImageIO.framework in Frameworks */,
				04B131FC1D27AC5B009C1685 /* QuartzCore.framework in Frameworks */,
				04B131FA1D27AC50009C1685 /* libc++.tbd in Frameworks */,
				04B131F81D27AC3F009C1685 /* libz.tbd in Frameworks */,
				04B131F61D27AC31009C1685 /* libstdc++.tbd in Frameworks */,
				04B131F41D27AC20009C1685 /* CoreTelephony.framework in Frameworks */,
				04B131F21D27AC13009C1685 /* libsqlite3.tbd in Frameworks */,
				04B131F01D27AC06009C1685 /* CoreGraphics.framework in Frameworks */,
				04B131EE1D27ABF9009C1685 /* SystemConfiguration.framework in Frameworks */,
				04B131EC1D27ABEA009C1685 /* libiconv.tbd in Frameworks */,
				04B131EA1D27ABC4009C1685 /* Security.framework in Frameworks */,
				04B131E01D27AAB4009C1685 /* libWeiboSDK.a in Frameworks */,
				04B131E21D27AAB4009C1685 /* TencentOpenAPI.framework in Frameworks */,
				04B131E41D27AAB4009C1685 /* libWeChatSDK.a in Frameworks */,
			);
			runOnlyForDeploymentPostprocessing = 0;
		};
		04B131A41D27AA10009C1685 /* Frameworks */ = {
			isa = PBXFrameworksBuildPhase;
			buildActionMask = 2147483647;
			files = (
			);
			runOnlyForDeploymentPostprocessing = 0;
		};
		04B131AF1D27AA10009C1685 /* Frameworks */ = {
			isa = PBXFrameworksBuildPhase;
			buildActionMask = 2147483647;
			files = (
			);
			runOnlyForDeploymentPostprocessing = 0;
		};
/* End PBXFrameworksBuildPhase section */

/* Begin PBXGroup section */
		04B131851D27AA10009C1685 = {
			isa = PBXGroup;
			children = (
				04B131901D27AA10009C1685 /* WTShare */,
				04B131AA1D27AA10009C1685 /* WTShareTests */,
				04B131B51D27AA10009C1685 /* WTShareUITests */,
				04B1318F1D27AA10009C1685 /* Products */,
			);
			sourceTree = "<group>";
		};
		04B1318F1D27AA10009C1685 /* Products */ = {
			isa = PBXGroup;
			children = (
				04B1318E1D27AA10009C1685 /* WTShare.app */,
				04B131A71D27AA10009C1685 /* WTShareTests.xctest */,
				04B131B21D27AA10009C1685 /* WTShareUITests.xctest */,
			);
			name = Products;
			sourceTree = "<group>";
		};
		04B131901D27AA10009C1685 /* WTShare */ = {
			isa = PBXGroup;
			children = (
				04B131941D27AA10009C1685 /* AppDelegate.h */,
				04B131951D27AA10009C1685 /* AppDelegate.m */,
				04B131971D27AA10009C1685 /* ViewController.h */,
				04B131981D27AA10009C1685 /* ViewController.m */,
				04B131DC1D27AAB4009C1685 /* WTShareContentItem.h */,
				04B131DD1D27AAB4009C1685 /* WTShareContentItem.m */,
				04B131DE1D27AAB4009C1685 /* WTShareManager.h */,
				04B131DF1D27AAB4009C1685 /* WTShareManager.m */,
				04B1319A1D27AA10009C1685 /* Main.storyboard */,
				04B1319D1D27AA10009C1685 /* Assets.xcassets */,
				04B1319F1D27AA10009C1685 /* LaunchScreen.storyboard */,
				04B131A21D27AA10009C1685 /* Info.plist */,
				04B131E81D27AB3A009C1685 /* framework */,
				04B131C41D27AAB3009C1685 /* Lib */,
				04B131911D27AA10009C1685 /* Supporting Files */,
			);
			path = WTShare;
			sourceTree = "<group>";
		};
		04B131911D27AA10009C1685 /* Supporting Files */ = {
			isa = PBXGroup;
			children = (
				04B131921D27AA10009C1685 /* main.m */,
			);
			name = "Supporting Files";
			sourceTree = "<group>";
		};
		04B131AA1D27AA10009C1685 /* WTShareTests */ = {
			isa = PBXGroup;
			children = (
				04B131AB1D27AA10009C1685 /* WTShareTests.m */,
				04B131AD1D27AA10009C1685 /* Info.plist */,
			);
			path = WTShareTests;
			sourceTree = "<group>";
		};
		04B131B51D27AA10009C1685 /* WTShareUITests */ = {
			isa = PBXGroup;
			children = (
				04B131B61D27AA10009C1685 /* WTShareUITests.m */,
				04B131B81D27AA10009C1685 /* Info.plist */,
			);
			path = WTShareUITests;
			sourceTree = "<group>";
		};
		04B131C41D27AAB3009C1685 /* Lib */ = {
			isa = PBXGroup;
			children = (
				04B131C51D27AAB3009C1685 /* libWeiboSDK */,
				04B131D31D27AAB3009C1685 /* Tencent3.1.0 */,
				04B131D61D27AAB4009C1685 /* WeChatSDK_1.7.1 */,
			);
			path = Lib;
			sourceTree = "<group>";
		};
		04B131C51D27AAB3009C1685 /* libWeiboSDK */ = {
			isa = PBXGroup;
			children = (
				04B131C61D27AAB3009C1685 /* libWeiboSDK.a */,
				04B131C71D27AAB3009C1685 /* WBHttpRequest+WeiboGame.h */,
				04B131C81D27AAB3009C1685 /* WBHttpRequest+WeiboShare.h */,
				04B131C91D27AAB3009C1685 /* WBHttpRequest+WeiboToken.h */,
				04B131CA1D27AAB3009C1685 /* WBHttpRequest+WeiboUser.h */,
				04B131CB1D27AAB3009C1685 /* WBHttpRequest.h */,
				04B131CC1D27AAB3009C1685 /* WBSDKBasicButton.h */,
				04B131CD1D27AAB3009C1685 /* WBSDKCommentButton.h */,
				04B131CE1D27AAB3009C1685 /* WBSDKRelationshipButton.h */,
				04B131CF1D27AAB3009C1685 /* WeiboSDK+Statistics.h */,
				04B131D01D27AAB3009C1685 /* WeiboSDK.bundle */,
				04B131D11D27AAB3009C1685 /* WeiboSDK.h */,
				04B131D21D27AAB3009C1685 /* WeiboUser.h */,
			);
			path = libWeiboSDK;
			sourceTree = "<group>";
		};
		04B131D31D27AAB3009C1685 /* Tencent3.1.0 */ = {
			isa = PBXGroup;
			children = (
				04B131D41D27AAB3009C1685 /* TencentOpenAPI.framework */,
				04B131D51D27AAB4009C1685 /* TencentOpenApi_IOS_Bundle.bundle */,
			);
			path = Tencent3.1.0;
			sourceTree = "<group>";
		};
		04B131D61D27AAB4009C1685 /* WeChatSDK_1.7.1 */ = {
			isa = PBXGroup;
			children = (
				04B131D71D27AAB4009C1685 /* libWeChatSDK.a */,
				04B131D81D27AAB4009C1685 /* README.txt */,
				04B131D91D27AAB4009C1685 /* WechatAuthSDK.h */,
				04B131DA1D27AAB4009C1685 /* WXApi.h */,
				04B131DB1D27AAB4009C1685 /* WXApiObject.h */,
			);
			path = WeChatSDK_1.7.1;
			sourceTree = "<group>";
		};
		04B131E81D27AB3A009C1685 /* framework */ = {
			isa = PBXGroup;
			children = (
				04B131FF1D27AC76009C1685 /* CoreText.framework */,
				04B131FD1D27AC68009C1685 /* ImageIO.framework */,
				04B131FB1D27AC5B009C1685 /* QuartzCore.framework */,
				04B131F91D27AC50009C1685 /* libc++.tbd */,
				04B131F71D27AC3F009C1685 /* libz.tbd */,
				04B131F51D27AC31009C1685 /* libstdc++.tbd */,
				04B131F31D27AC20009C1685 /* CoreTelephony.framework */,
				04B131F11D27AC13009C1685 /* libsqlite3.tbd */,
				04B131EF1D27AC06009C1685 /* CoreGraphics.framework */,
				04B131ED1D27ABF9009C1685 /* SystemConfiguration.framework */,
				04B131EB1D27ABEA009C1685 /* libiconv.tbd */,
				04B131E91D27ABC4009C1685 /* Security.framework */,
			);
			name = framework;
			sourceTree = "<group>";
		};
/* End PBXGroup section */

/* Begin PBXNativeTarget section */
		04B1318D1D27AA10009C1685 /* WTShare */ = {
			isa = PBXNativeTarget;
			buildConfigurationList = 04B131BB1D27AA10009C1685 /* Build configuration list for PBXNativeTarget "WTShare" */;
			buildPhases = (
				04B1318A1D27AA10009C1685 /* Sources */,
				04B1318B1D27AA10009C1685 /* Frameworks */,
				04B1318C1D27AA10009C1685 /* Resources */,
			);
			buildRules = (
			);
			dependencies = (
			);
			name = WTShare;
			productName = WTShare;
			productReference = 04B1318E1D27AA10009C1685 /* WTShare.app */;
			productType = "com.apple.product-type.application";
		};
		04B131A61D27AA10009C1685 /* WTShareTests */ = {
			isa = PBXNativeTarget;
			buildConfigurationList = 04B131BE1D27AA10009C1685 /* Build configuration list for PBXNativeTarget "WTShareTests" */;
			buildPhases = (
				04B131A31D27AA10009C1685 /* Sources */,
				04B131A41D27AA10009C1685 /* Frameworks */,
				04B131A51D27AA10009C1685 /* Resources */,
			);
			buildRules = (
			);
			dependencies = (
				04B131A91D27AA10009C1685 /* PBXTargetDependency */,
			);
			name = WTShareTests;
			productName = WTShareTests;
			productReference = 04B131A71D27AA10009C1685 /* WTShareTests.xctest */;
			productType = "com.apple.product-type.bundle.unit-test";
		};
		04B131B11D27AA10009C1685 /* WTShareUITests */ = {
			isa = PBXNativeTarget;
			buildConfigurationList = 04B131C11D27AA10009C1685 /* Build configuration list for PBXNativeTarget "WTShareUITests" */;
			buildPhases = (
				04B131AE1D27AA10009C1685 /* Sources */,
				04B131AF1D27AA10009C1685 /* Frameworks */,
				04B131B01D27AA10009C1685 /* Resources */,
			);
			buildRules = (
			);
			dependencies = (
				04B131B41D27AA10009C1685 /* PBXTargetDependency */,
			);
			name = WTShareUITests;
			productName = WTShareUITests;
			productReference = 04B131B21D27AA10009C1685 /* WTShareUITests.xctest */;
			productType = "com.apple.product-type.bundle.ui-testing";
		};
/* End PBXNativeTarget section */

/* Begin PBXProject section */
		04B131861D27AA10009C1685 /* Project object */ = {
			isa = PBXProject;
			attributes = {
				LastUpgradeCheck = 0730;
				ORGANIZATIONNAME = wutong;
				TargetAttributes = {
					04B1318D1D27AA10009C1685 = {
						CreatedOnToolsVersion = 7.3.1;
					};
					04B131A61D27AA10009C1685 = {
						CreatedOnToolsVersion = 7.3.1;
						TestTargetID = 04B1318D1D27AA10009C1685;
					};
					04B131B11D27AA10009C1685 = {
						CreatedOnToolsVersion = 7.3.1;
						TestTargetID = 04B1318D1D27AA10009C1685;
					};
				};
			};
			buildConfigurationList = 04B131891D27AA10009C1685 /* Build configuration list for PBXProject "WTShare" */;
			compatibilityVersion = "Xcode 3.2";
			developmentRegion = English;
			hasScannedForEncodings = 0;
			knownRegions = (
				en,
				Base,
			);
			mainGroup = 04B131851D27AA10009C1685;
			productRefGroup = 04B1318F1D27AA10009C1685 /* Products */;
			projectDirPath = "";
			projectRoot = "";
			targets = (
				04B1318D1D27AA10009C1685 /* WTShare */,
				04B131A61D27AA10009C1685 /* WTShareTests */,
				04B131B11D27AA10009C1685 /* WTShareUITests */,
			);
		};
/* End PBXProject section */

/* Begin PBXResourcesBuildPhase section */
		04B1318C1D27AA10009C1685 /* Resources */ = {
			isa = PBXResourcesBuildPhase;
			buildActionMask = 2147483647;
			files = (
				04B131A11D27AA10009C1685 /* LaunchScreen.storyboard in Resources */,
				04B1319E1D27AA10009C1685 /* Assets.xcassets in Resources */,
				04B1319C1D27AA10009C1685 /* Main.storyboard in Resources */,
				04B131E31D27AAB4009C1685 /* TencentOpenApi_IOS_Bundle.bundle in Resources */,
				04B131E51D27AAB4009C1685 /* README.txt in Resources */,
				04B131E11D27AAB4009C1685 /* WeiboSDK.bundle in Resources */,
			);
			runOnlyForDeploymentPostprocessing = 0;
		};
		04B131A51D27AA10009C1685 /* Resources */ = {
			isa = PBXResourcesBuildPhase;
			buildActionMask = 2147483647;
			files = (
			);
			runOnlyForDeploymentPostprocessing = 0;
		};
		04B131B01D27AA10009C1685 /* Resources */ = {
			isa = PBXResourcesBuildPhase;
			buildActionMask = 2147483647;
			files = (
			);
			runOnlyForDeploymentPostprocessing = 0;
		};
/* End PBXResourcesBuildPhase section */

/* Begin PBXSourcesBuildPhase section */
		04B1318A1D27AA10009C1685 /* Sources */ = {
			isa = PBXSourcesBuildPhase;
			buildActionMask = 2147483647;
			files = (
				04B131E71D27AAB4009C1685 /* WTShareManager.m in Sources */,
				04B131991D27AA10009C1685 /* ViewController.m in Sources */,
				04B131961D27AA10009C1685 /* AppDelegate.m in Sources */,
				04B131931D27AA10009C1685 /* main.m in Sources */,
				04B131E61D27AAB4009C1685 /* WTShareContentItem.m in Sources */,
			);
			runOnlyForDeploymentPostprocessing = 0;
		};
		04B131A31D27AA10009C1685 /* Sources */ = {
			isa = PBXSourcesBuildPhase;
			buildActionMask = 2147483647;
			files = (
				04B131AC1D27AA10009C1685 /* WTShareTests.m in Sources */,
			);
			runOnlyForDeploymentPostprocessing = 0;
		};
		04B131AE1D27AA10009C1685 /* Sources */ = {
			isa = PBXSourcesBuildPhase;
			buildActionMask = 2147483647;
			files = (
				04B131B71D27AA10009C1685 /* WTShareUITests.m in Sources */,
			);
			runOnlyForDeploymentPostprocessing = 0;
		};
/* End PBXSourcesBuildPhase section */

/* Begin PBXTargetDependency section */
		04B131A91D27AA10009C1685 /* PBXTargetDependency */ = {
			isa = PBXTargetDependency;
			target = 04B1318D1D27AA10009C1685 /* WTShare */;
			targetProxy = 04B131A81D27AA10009C1685 /* PBXContainerItemProxy */;
		};
		04B131B41D27AA10009C1685 /* PBXTargetDependency */ = {
			isa = PBXTargetDependency;
			target = 04B1318D1D27AA10009C1685 /* WTShare */;
			targetProxy = 04B131B31D27AA10009C1685 /* PBXContainerItemProxy */;
		};
/* End PBXTargetDependency section */

/* Begin PBXVariantGroup section */
		04B1319A1D27AA10009C1685 /* Main.storyboard */ = {
			isa = PBXVariantGroup;
			children = (
				04B1319B1D27AA10009C1685 /* Base */,
			);
			name = Main.storyboard;
			sourceTree = "<group>";
		};
		04B1319F1D27AA10009C1685 /* LaunchScreen.storyboard */ = {
			isa = PBXVariantGroup;
			children = (
				04B131A01D27AA10009C1685 /* Base */,
			);
			name = LaunchScreen.storyboard;
			sourceTree = "<group>";
		};
/* End PBXVariantGroup section */

/* Begin XCBuildConfiguration section */
		04B131B91D27AA10009C1685 /* Debug */ = {
			isa = XCBuildConfiguration;
			buildSettings = {
				ALWAYS_SEARCH_USER_PATHS = NO;
				CLANG_ANALYZER_NONNULL = YES;
				CLANG_CXX_LANGUAGE_STANDARD = "gnu++0x";
				CLANG_CXX_LIBRARY = "libc++";
				CLANG_ENABLE_MODULES = YES;
				CLANG_ENABLE_OBJC_ARC = YES;
				CLANG_WARN_BOOL_CONVERSION = YES;
				CLANG_WARN_CONSTANT_CONVERSION = YES;
				CLANG_WARN_DIRECT_OBJC_ISA_USAGE = YES_ERROR;
				CLANG_WARN_EMPTY_BODY = YES;
				CLANG_WARN_ENUM_CONVERSION = YES;
				CLANG_WARN_INT_CONVERSION = YES;
				CLANG_WARN_OBJC_ROOT_CLASS = YES_ERROR;
				CLANG_WARN_UNREACHABLE_CODE = YES;
				CLANG_WARN__DUPLICATE_METHOD_MATCH = YES;
				"CODE_SIGN_IDENTITY[sdk=iphoneos*]" = "iPhone Developer";
				COPY_PHASE_STRIP = NO;
				DEBUG_INFORMATION_FORMAT = dwarf;
				ENABLE_STRICT_OBJC_MSGSEND = YES;
				ENABLE_TESTABILITY = YES;
				GCC_C_LANGUAGE_STANDARD = gnu99;
				GCC_DYNAMIC_NO_PIC = NO;
				GCC_NO_COMMON_BLOCKS = YES;
				GCC_OPTIMIZATION_LEVEL = 0;
				GCC_PREPROCESSOR_DEFINITIONS = (
					"DEBUG=1",
					"$(inherited)",
				);
				GCC_WARN_64_TO_32_BIT_CONVERSION = YES;
				GCC_WARN_ABOUT_RETURN_TYPE = YES_ERROR;
				GCC_WARN_UNDECLARED_SELECTOR = YES;
				GCC_WARN_UNINITIALIZED_AUTOS = YES_AGGRESSIVE;
				GCC_WARN_UNUSED_FUNCTION = YES;
				GCC_WARN_UNUSED_VARIABLE = YES;
				IPHONEOS_DEPLOYMENT_TARGET = 9.3;
				MTL_ENABLE_DEBUG_INFO = YES;
				ONLY_ACTIVE_ARCH = YES;
				SDKROOT = iphoneos;
			};
			name = Debug;
		};
		04B131BA1D27AA10009C1685 /* Release */ = {
			isa = XCBuildConfiguration;
			buildSettings = {
				ALWAYS_SEARCH_USER_PATHS = NO;
				CLANG_ANALYZER_NONNULL = YES;
				CLANG_CXX_LANGUAGE_STANDARD = "gnu++0x";
				CLANG_CXX_LIBRARY = "libc++";
				CLANG_ENABLE_MODULES = YES;
				CLANG_ENABLE_OBJC_ARC = YES;
				CLANG_WARN_BOOL_CONVERSION = YES;
				CLANG_WARN_CONSTANT_CONVERSION = YES;
				CLANG_WARN_DIRECT_OBJC_ISA_USAGE = YES_ERROR;
				CLANG_WARN_EMPTY_BODY = YES;
				CLANG_WARN_ENUM_CONVERSION = YES;
				CLANG_WARN_INT_CONVERSION = YES;
				CLANG_WARN_OBJC_ROOT_CLASS = YES_ERROR;
				CLANG_WARN_UNREACHABLE_CODE = YES;
				CLANG_WARN__DUPLICATE_METHOD_MATCH = YES;
				"CODE_SIGN_IDENTITY[sdk=iphoneos*]" = "iPhone Developer";
				COPY_PHASE_STRIP = NO;
				DEBUG_INFORMATION_FORMAT = "dwarf-with-dsym";
				ENABLE_NS_ASSERTIONS = NO;
				ENABLE_STRICT_OBJC_MSGSEND = YES;
				GCC_C_LANGUAGE_STANDARD = gnu99;
				GCC_NO_COMMON_BLOCKS = YES;
				GCC_WARN_64_TO_32_BIT_CONVERSION = YES;
				GCC_WARN_ABOUT_RETURN_TYPE = YES_ERROR;
				GCC_WARN_UNDECLARED_SELECTOR = YES;
				GCC_WARN_UNINITIALIZED_AUTOS = YES_AGGRESSIVE;
				GCC_WARN_UNUSED_FUNCTION = YES;
				GCC_WARN_UNUSED_VARIABLE = YES;
				IPHONEOS_DEPLOYMENT_TARGET = 9.3;
				MTL_ENABLE_DEBUG_INFO = NO;
				SDKROOT = iphoneos;
				VALIDATE_PRODUCT = YES;
			};
			name = Release;
		};
		04B131BC1D27AA10009C1685 /* Debug */ = {
			isa = XCBuildConfiguration;
			buildSettings = {
				ASSETCATALOG_COMPILER_APPICON_NAME = AppIcon;
				FRAMEWORK_SEARCH_PATHS = (
					"$(inherited)",
					"$(PROJECT_DIR)/WTShare/Lib/Tencent3.1.0",
				);
				INFOPLIST_FILE = WTShare/Info.plist;
				IPHONEOS_DEPLOYMENT_TARGET = 7.0;
				LD_RUNPATH_SEARCH_PATHS = "$(inherited) @executable_path/Frameworks";
				LIBRARY_SEARCH_PATHS = (
					"$(inherited)",
					"$(PROJECT_DIR)/WTShare/Lib/libWeiboSDK",
					"$(PROJECT_DIR)/WTShare/Lib/WeChatSDK_1.7.1",
				);
				OTHER_LDFLAGS = "-ObjC";
				PRODUCT_BUNDLE_IDENTIFIER = cn.wutong.WTShare;
				PRODUCT_NAME = "$(TARGET_NAME)";
			};
			name = Debug;
		};
		04B131BD1D27AA10009C1685 /* Release */ = {
			isa = XCBuildConfiguration;
			buildSettings = {
				ASSETCATALOG_COMPILER_APPICON_NAME = AppIcon;
				FRAMEWORK_SEARCH_PATHS = (
					"$(inherited)",
					"$(PROJECT_DIR)/WTShare/Lib/Tencent3.1.0",
				);
				INFOPLIST_FILE = WTShare/Info.plist;
				IPHONEOS_DEPLOYMENT_TARGET = 7.0;
				LD_RUNPATH_SEARCH_PATHS = "$(inherited) @executable_path/Frameworks";
				LIBRARY_SEARCH_PATHS = (
					"$(inherited)",
					"$(PROJECT_DIR)/WTShare/Lib/libWeiboSDK",
					"$(PROJECT_DIR)/WTShare/Lib/WeChatSDK_1.7.1",
				);
				OTHER_LDFLAGS = "-ObjC";
				PRODUCT_BUNDLE_IDENTIFIER = cn.wutong.WTShare;
				PRODUCT_NAME = "$(TARGET_NAME)";
			};
			name = Release;
		};
		04B131BF1D27AA10009C1685 /* Debug */ = {
			isa = XCBuildConfiguration;
			buildSettings = {
				BUNDLE_LOADER = "$(TEST_HOST)";
				INFOPLIST_FILE = WTShareTests/Info.plist;
				LD_RUNPATH_SEARCH_PATHS = "$(inherited) @executable_path/Frameworks @loader_path/Frameworks";
				PRODUCT_BUNDLE_IDENTIFIER = cn.wutong.WTShareTests;
				PRODUCT_NAME = "$(TARGET_NAME)";
				TEST_HOST = "$(BUILT_PRODUCTS_DIR)/WTShare.app/WTShare";
			};
			name = Debug;
		};
		04B131C01D27AA10009C1685 /* Release */ = {
			isa = XCBuildConfiguration;
			buildSettings = {
				BUNDLE_LOADER = "$(TEST_HOST)";
				INFOPLIST_FILE = WTShareTests/Info.plist;
				LD_RUNPATH_SEARCH_PATHS = "$(inherited) @executable_path/Frameworks @loader_path/Frameworks";
				PRODUCT_BUNDLE_IDENTIFIER = cn.wutong.WTShareTests;
				PRODUCT_NAME = "$(TARGET_NAME)";
				TEST_HOST = "$(BUILT_PRODUCTS_DIR)/WTShare.app/WTShare";
			};
			name = Release;
		};
		04B131C21D27AA10009C1685 /* Debug */ = {
			isa = XCBuildConfiguration;
			buildSettings = {
				INFOPLIST_FILE = WTShareUITests/Info.plist;
				LD_RUNPATH_SEARCH_PATHS = "$(inherited) @executable_path/Frameworks @loader_path/Frameworks";
				PRODUCT_BUNDLE_IDENTIFIER = cn.wutong.WTShareUITests;
				PRODUCT_NAME = "$(TARGET_NAME)";
				TEST_TARGET_NAME = WTShare;
			};
			name = Debug;
		};
		04B131C31D27AA10009C1685 /* Release */ = {
			isa = XCBuildConfiguration;
			buildSettings = {
				INFOPLIST_FILE = WTShareUITests/Info.plist;
				LD_RUNPATH_SEARCH_PATHS = "$(inherited) @executable_path/Frameworks @loader_path/Frameworks";
				PRODUCT_BUNDLE_IDENTIFIER = cn.wutong.WTShareUITests;
				PRODUCT_NAME = "$(TARGET_NAME)";
				TEST_TARGET_NAME = WTShare;
			};
			name = Release;
		};
/* End XCBuildConfiguration section */

/* Begin XCConfigurationList section */
		04B131891D27AA10009C1685 /* Build configuration list for PBXProject "WTShare" */ = {
			isa = XCConfigurationList;
			buildConfigurations = (
				04B131B91D27AA10009C1685 /* Debug */,
				04B131BA1D27AA10009C1685 /* Release */,
			);
			defaultConfigurationIsVisible = 0;
			defaultConfigurationName = Release;
		};
		04B131BB1D27AA10009C1685 /* Build configuration list for PBXNativeTarget "WTShare" */ = {
			isa = XCConfigurationList;
			buildConfigurations = (
				04B131BC1D27AA10009C1685 /* Debug */,
				04B131BD1D27AA10009C1685 /* Release */,
			);
			defaultConfigurationIsVisible = 0;
		};
		04B131BE1D27AA10009C1685 /* Build configuration list for PBXNativeTarget "WTShareTests" */ = {
			isa = XCConfigurationList;
			buildConfigurations = (
				04B131BF1D27AA10009C1685 /* Debug */,
				04B131C01D27AA10009C1685 /* Release */,
			);
			defaultConfigurationIsVisible = 0;
		};
		04B131C11D27AA10009C1685 /* Build configuration list for PBXNativeTarget "WTShareUITests" */ = {
			isa = XCConfigurationList;
			buildConfigurations = (
				04B131C21D27AA10009C1685 /* Debug */,
				04B131C31D27AA10009C1685 /* Release */,
			);
			defaultConfigurationIsVisible = 0;
		};
/* End XCConfigurationList section */
	};
	rootObject = 04B131861D27AA10009C1685 /* Project object */;
}
